lockfileVersion: '9.0'

settings:
  autoInstallPeers: true
  excludeLinksFromLockfile: false

overrides:
  '@mastra/core': link:../../packages/core
  mastra: link:../../packages/cli

importers:

  .:
    dependencies:
      '@ai-sdk/openai':
        specifier: latest
        version: 2.0.65(zod@3.25.76)
      '@mastra/core':
        specifier: link:../../packages/core
        version: link:../../packages/core
      zod:
        specifier: ^3.25.76
        version: 3.25.76
    devDependencies:
      mastra:
        specifier: link:../../packages/cli
        version: link:../../packages/cli

packages:

  '@ai-sdk/openai@2.0.65':
    resolution: {integrity: sha512-Wqo4iNCsxUYJFmEAzAHO0XDnnS76rqvPRX2AUhEAOX3cgL9UEfouFmiNQS2jM9AZhMdWj5GIG41hgr4YOr20tA==}
    engines: {node: '>=18'}
    peerDependencies:
      zod: ^3.25.76 || ^4.1.8

  '@ai-sdk/provider-utils@3.0.17':
    resolution: {integrity: sha512-TR3Gs4I3Tym4Ll+EPdzRdvo/rc8Js6c4nVhFLuvGLX/Y4V9ZcQMa/HTiYsHEgmYrf1zVi6Q145UEZUfleOwOjw==}
    engines: {node: '>=18'}
    peerDependencies:
      zod: ^3.25.76 || ^4.1.8

  '@ai-sdk/provider@2.0.0':
    resolution: {integrity: sha512-6o7Y2SeO9vFKB8lArHXehNuusnpddKPk7xqL7T2/b+OvXMRIXUO1rR4wcv1hAFUAT9avGZshty3Wlua/XA7TvA==}
    engines: {node: '>=18'}

  '@standard-schema/spec@1.0.0':
    resolution: {integrity: sha512-m2bOd0f2RT9k8QJx1JN85cZYyH1RqFBdlwtkSlf4tBDYLCiiZnv1fIIwacK6cqwXavOydf0NPToMQgpKq+dVlA==}

  eventsource-parser@3.0.6:
    resolution: {integrity: sha512-Vo1ab+QXPzZ4tCa8SwIHJFaSzy4R6SHf7BY79rFBDf0idraZWAkYrDjDj8uWaSm3S2TK+hJ7/t1CEmZ7jXw+pg==}
    engines: {node: '>=18.0.0'}

  json-schema@0.4.0:
    resolution: {integrity: sha512-es94M3nTIfsEPisRafak+HDLfHXnKBhV3vU5eqPcS3flIWqcxJWgXHXiey3YrpaNsanY5ei1VoYEbOzijuq9BA==}

  zod@3.25.76:
    resolution: {integrity: sha512-gzUt/qt81nXsFGKIFcC3YnfEAx5NkunCfnDlvuBSSFS02bcXu4Lmea0AFIUwbLWxWPx3d9p8S5QoaujKcNQxcQ==}

snapshots:

  '@ai-sdk/openai@2.0.65(zod@3.25.76)':
    dependencies:
      '@ai-sdk/provider': 2.0.0
      '@ai-sdk/provider-utils': 3.0.17(zod@3.25.76)
      zod: 3.25.76

  '@ai-sdk/provider-utils@3.0.17(zod@3.25.76)':
    dependencies:
      '@ai-sdk/provider': 2.0.0
      '@standard-schema/spec': 1.0.0
      eventsource-parser: 3.0.6
      zod: 3.25.76

  '@ai-sdk/provider@2.0.0':
    dependencies:
      json-schema: 0.4.0

  '@standard-schema/spec@1.0.0': {}

  eventsource-parser@3.0.6: {}

  json-schema@0.4.0: {}

  zod@3.25.76: {}
